# This file is generated by running "yarn install" inside your project.
# Manual changes might be lost - proceed with caution!

__metadata:
  version: 4
  cacheKey: 8

"@types/debug@npm:^4.1.5":
  version: 4.1.7
  resolution: "@types/debug@npm:4.1.7"
  dependencies:
    "@types/ms": "*"
  checksum: 0a7b89d8ed72526858f0b61c6fd81f477853e8c4415bb97f48b1b5545248d2ae389931680b94b393b993a7cfe893537a200647d93defe6d87159b96812305adc
  languageName: node
  linkType: hard

"@types/duplexify@npm:^3.6.0":
  version: 3.6.0
  resolution: "@types/duplexify@npm:3.6.0"
  dependencies:
    "@types/node": "*"
  checksum: 2cc557506bcb847fc207c3abbf44a0f82331ed07a347bfc5524975eba3a6d8ce52d841521b857d037a448cf6f2fbcbc628c46e259729cd12d6e32558ce0b33ac
  languageName: node
  linkType: hard

"@types/ms@npm:*":
  version: 0.7.31
  resolution: "@types/ms@npm:0.7.31"
  checksum: daadd354aedde024cce6f5aa873fefe7b71b22cd0e28632a69e8b677aeb48ae8caa1c60e5919bb781df040d116b01cb4316335167a3fc0ef6a63fa3614c0f6da
  languageName: node
  linkType: hard

"@types/node@npm:*":
  version: 16.11.0
  resolution: "@types/node@npm:16.11.0"
  checksum: 194ae80ec72f664e15e03c33f116be96aa1e85b167a19e31003c53ddfc36dabd65744e9a76c1d46b7ce2e5981d2ccb8e84a85c3ec9ac89f1471daaa885bdcfd0
  languageName: node
  linkType: hard

"FeelsOkayBot@workspace:.":
  version: 0.0.0-use.local
  resolution: "FeelsOkayBot@workspace:."
  dependencies:
    dank-twitch-irc: ^4.3.0
  languageName: unknown
  linkType: soft

"array-uniq@npm:1.0.2":
  version: 1.0.2
  resolution: "array-uniq@npm:1.0.2"
  checksum: 8c4beb94aa183791da1e155935aba4df3fe2eeb6f491c69e666ca7351f897b9b260fa04d016e0ce766ae8280129c16f11071e17359c81c01741289009bb5ac6d
  languageName: node
  linkType: hard

"dank-twitch-irc@npm:^4.3.0":
  version: 4.3.0
  resolution: "dank-twitch-irc@npm:4.3.0"
  dependencies:
    "@types/debug": ^4.1.5
    "@types/duplexify": ^3.6.0
    debug-logger: ^0.4.1
    duplexify: ^4.1.1
    eventemitter3: ^4.0.7
    lodash.camelcase: ^4.3.0
    lodash.pickby: ^4.6.0
    make-error-cause: ^2.3.0
    ms: ^2.1.3
    randomstring: ^1.1.5
    semaphore-async-await: ^1.5.1
    simple-websocket: ^9.0.0
    split2: ^3.2.1
    ts-toolbelt: ^8.0.3
  checksum: 6d91eb8046b8fdd6884488334c739338ea8db262984722ea89a52fd25cc42c06607f18f86463788b1ccfef3527311a5c47c48196dc8f0dbd011b1caf70f6010d
  languageName: node
  linkType: hard

"debug-logger@npm:^0.4.1":
  version: 0.4.1
  resolution: "debug-logger@npm:0.4.1"
  dependencies:
    debug: ^2.1.0
  checksum: 32950fa9d8236bac740440528e72f6d318ac453b186ebb34ea7664ac61ff81ccea712fea7bb10e5785b1c392c48cbb6188285079d84e3564b9998b5921d7abed
  languageName: node
  linkType: hard

"debug@npm:^2.1.0":
  version: 2.6.9
  resolution: "debug@npm:2.6.9"
  dependencies:
    ms: 2.0.0
  checksum: d2f51589ca66df60bf36e1fa6e4386b318c3f1e06772280eea5b1ae9fd3d05e9c2b7fd8a7d862457d00853c75b00451aa2d7459b924629ee385287a650f58fe6
  languageName: node
  linkType: hard

"debug@npm:^4.3.1":
  version: 4.3.2
  resolution: "debug@npm:4.3.2"
  dependencies:
    ms: 2.1.2
  peerDependenciesMeta:
    supports-color:
      optional: true
  checksum: 820ea160e267e23c953c9ed87e7ad93494d8cda2f7349af5e7e3bb236d23707ee3022f477d5a7d2ee86ef2bf7d60aa9ab22d1f58080d7deb9dccd073585e1e43
  languageName: node
  linkType: hard

"duplexify@npm:^4.1.1":
  version: 4.1.2
  resolution: "duplexify@npm:4.1.2"
  dependencies:
    end-of-stream: ^1.4.1
    inherits: ^2.0.3
    readable-stream: ^3.1.1
    stream-shift: ^1.0.0
  checksum: 964376c61c0e92f6ed0694b3ba97c84f199413dc40ab8dfdaef80b7a7f4982fcabf796214e28ed614a5bc1ec45488a29b81e7d46fa3f5ddf65bcb118c20145ad
  languageName: node
  linkType: hard

"end-of-stream@npm:^1.4.1":
  version: 1.4.4
  resolution: "end-of-stream@npm:1.4.4"
  dependencies:
    once: ^1.4.0
  checksum: 530a5a5a1e517e962854a31693dbb5c0b2fc40b46dad2a56a2deec656ca040631124f4795823acc68238147805f8b021abbe221f4afed5ef3c8e8efc2024908b
  languageName: node
  linkType: hard

"eventemitter3@npm:^4.0.7":
  version: 4.0.7
  resolution: "eventemitter3@npm:4.0.7"
  checksum: 1875311c42fcfe9c707b2712c32664a245629b42bb0a5a84439762dd0fd637fc54d078155ea83c2af9e0323c9ac13687e03cfba79b03af9f40c89b4960099374
  languageName: node
  linkType: hard

"inherits@npm:^2.0.3":
  version: 2.0.4
  resolution: "inherits@npm:2.0.4"
  checksum: 4a48a733847879d6cf6691860a6b1e3f0f4754176e4d71494c41f3475553768b10f84b5ce1d40fbd0e34e6bfbb864ee35858ad4dd2cf31e02fc4a154b724d7f1
  languageName: node
  linkType: hard

"lodash.camelcase@npm:^4.3.0":
  version: 4.3.0
  resolution: "lodash.camelcase@npm:4.3.0"
  checksum: cb9227612f71b83e42de93eccf1232feeb25e705bdb19ba26c04f91e885bfd3dd5c517c4a97137658190581d3493ea3973072ca010aab7e301046d90740393d1
  languageName: node
  linkType: hard

"lodash.pickby@npm:^4.6.0":
  version: 4.6.0
  resolution: "lodash.pickby@npm:4.6.0"
  checksum: a554d898c15bcd3218e4005b95b5146210bd862010c7d242d17106ee36aed9b9209a858ce974136ab1faadd86a82297761c206fda7f1886278bac827145c5536
  languageName: node
  linkType: hard

"make-error-cause@npm:^2.3.0":
  version: 2.3.0
  resolution: "make-error-cause@npm:2.3.0"
  dependencies:
    make-error: ^1.3.5
  checksum: b0a39e4351e02d42d5aa2901777ebd5f6d7cc03b15dd0c3cdc4302946b934113770a692e6dfbf781c7a178736595a16dc746c3c4b5feba120164cfe3e64f2a1e
  languageName: node
  linkType: hard

"make-error@npm:^1.3.5":
  version: 1.3.6
  resolution: "make-error@npm:1.3.6"
  checksum: b86e5e0e25f7f777b77fabd8e2cbf15737972869d852a22b7e73c17623928fccb826d8e46b9951501d3f20e51ad74ba8c59ed584f610526a48f8ccf88aaec402
  languageName: node
  linkType: hard

"ms@npm:2.0.0":
  version: 2.0.0
  resolution: "ms@npm:2.0.0"
  checksum: 0e6a22b8b746d2e0b65a430519934fefd41b6db0682e3477c10f60c76e947c4c0ad06f63ffdf1d78d335f83edee8c0aa928aa66a36c7cd95b69b26f468d527f4
  languageName: node
  linkType: hard

"ms@npm:2.1.2":
  version: 2.1.2
  resolution: "ms@npm:2.1.2"
  checksum: 673cdb2c3133eb050c745908d8ce632ed2c02d85640e2edb3ace856a2266a813b30c613569bf3354fdf4ea7d1a1494add3bfa95e2713baa27d0c2c71fc44f58f
  languageName: node
  linkType: hard

"ms@npm:^2.1.3":
  version: 2.1.3
  resolution: "ms@npm:2.1.3"
  checksum: aa92de608021b242401676e35cfa5aa42dd70cbdc082b916da7fb925c542173e36bce97ea3e804923fe92c0ad991434e4a38327e15a1b5b5f945d66df615ae6d
  languageName: node
  linkType: hard

"once@npm:^1.4.0":
  version: 1.4.0
  resolution: "once@npm:1.4.0"
  dependencies:
    wrappy: 1
  checksum: cd0a88501333edd640d95f0d2700fbde6bff20b3d4d9bdc521bdd31af0656b5706570d6c6afe532045a20bb8dc0849f8332d6f2a416e0ba6d3d3b98806c7db68
  languageName: node
  linkType: hard

"queue-microtask@npm:^1.2.2":
  version: 1.2.3
  resolution: "queue-microtask@npm:1.2.3"
  checksum: b676f8c040cdc5b12723ad2f91414d267605b26419d5c821ff03befa817ddd10e238d22b25d604920340fd73efd8ba795465a0377c4adf45a4a41e4234e42dc4
  languageName: node
  linkType: hard

"randombytes@npm:2.0.3":
  version: 2.0.3
  resolution: "randombytes@npm:2.0.3"
  checksum: 13e1abd143404dd87024bf345fb1a446b2e2ee46d8e1a5a073e8370c9b1e58000d81a97d4327ba7089087213eb6d8c77fa67ab4e91aa00605126d634fcccb9d4
  languageName: node
  linkType: hard

"randombytes@npm:^2.1.0":
  version: 2.1.0
  resolution: "randombytes@npm:2.1.0"
  dependencies:
    safe-buffer: ^5.1.0
  checksum: d779499376bd4cbb435ef3ab9a957006c8682f343f14089ed5f27764e4645114196e75b7f6abf1cbd84fd247c0cb0651698444df8c9bf30e62120fbbc52269d6
  languageName: node
  linkType: hard

"randomstring@npm:^1.1.5":
  version: 1.2.1
  resolution: "randomstring@npm:1.2.1"
  dependencies:
    array-uniq: 1.0.2
    randombytes: 2.0.3
  bin:
    randomstring: bin/randomstring
  checksum: 501da2ec59638d502dbb66c237ab80790dbb0b50b493347cbf6abc2dfbf6fe08f195d85e37911689bc406f85d31cf9826757398b5af8c9cae7c0ad4f808f3ac0
  languageName: node
  linkType: hard

"readable-stream@npm:^3.0.0, readable-stream@npm:^3.1.1, readable-stream@npm:^3.6.0":
  version: 3.6.0
  resolution: "readable-stream@npm:3.6.0"
  dependencies:
    inherits: ^2.0.3
    string_decoder: ^1.1.1
    util-deprecate: ^1.0.1
  checksum: d4ea81502d3799439bb955a3a5d1d808592cf3133350ed352aeaa499647858b27b1c4013984900238b0873ec8d0d8defce72469fb7a83e61d53f5ad61cb80dc8
  languageName: node
  linkType: hard

"safe-buffer@npm:^5.1.0, safe-buffer@npm:~5.2.0":
  version: 5.2.1
  resolution: "safe-buffer@npm:5.2.1"
  checksum: b99c4b41fdd67a6aaf280fcd05e9ffb0813654894223afb78a31f14a19ad220bba8aba1cb14eddce1fcfb037155fe6de4e861784eb434f7d11ed58d1e70dd491
  languageName: node
  linkType: hard

"semaphore-async-await@npm:^1.5.1":
  version: 1.5.1
  resolution: "semaphore-async-await@npm:1.5.1"
  checksum: 2dedf7c59ba5f2da860fed95a81017189de6257cbe06c9de0ff2e610a3ae427e9bde1ab7685a62b03ebc28982dee437110492215d75fd6dc8257ce7a38e66b74
  languageName: node
  linkType: hard

"simple-websocket@npm:^9.0.0":
  version: 9.1.0
  resolution: "simple-websocket@npm:9.1.0"
  dependencies:
    debug: ^4.3.1
    queue-microtask: ^1.2.2
    randombytes: ^2.1.0
    readable-stream: ^3.6.0
    ws: ^7.4.2
  checksum: 458af3cdf1dadd4eed4724f432fdbe2abd8432b4ea49064f3a9c2a98c7539a65a94d0aa24cd3140ac87274f1f16706287c433773e93696f8b82e67c6adcaaae9
  languageName: node
  linkType: hard

"split2@npm:^3.2.1":
  version: 3.2.2
  resolution: "split2@npm:3.2.2"
  dependencies:
    readable-stream: ^3.0.0
  checksum: 8127ddbedd0faf31f232c0e9192fede469913aa8982aa380752e0463b2e31c2359ef6962eb2d24c125bac59eeec76873678d723b1c7ff696216a1cd071e3994a
  languageName: node
  linkType: hard

"stream-shift@npm:^1.0.0":
  version: 1.0.1
  resolution: "stream-shift@npm:1.0.1"
  checksum: 59b82b44b29ec3699b5519a49b3cedcc6db58c72fb40c04e005525dfdcab1c75c4e0c180b923c380f204bed78211b9bad8faecc7b93dece4d004c3f6ec75737b
  languageName: node
  linkType: hard

"string_decoder@npm:^1.1.1":
  version: 1.3.0
  resolution: "string_decoder@npm:1.3.0"
  dependencies:
    safe-buffer: ~5.2.0
  checksum: 8417646695a66e73aefc4420eb3b84cc9ffd89572861fe004e6aeb13c7bc00e2f616247505d2dbbef24247c372f70268f594af7126f43548565c68c117bdeb56
  languageName: node
  linkType: hard

"ts-toolbelt@npm:^8.0.3":
  version: 8.4.0
  resolution: "ts-toolbelt@npm:8.4.0"
  checksum: 12e97e781dd0228e3a13f01f10752b8d65f4bb6c1168b55da0c9c651a12c8178cbc66207a92670abeffe095066ed3133c3c89e6d45b94ec132b6ab87e0a1d328
  languageName: node
  linkType: hard

"util-deprecate@npm:^1.0.1":
  version: 1.0.2
  resolution: "util-deprecate@npm:1.0.2"
  checksum: 474acf1146cb2701fe3b074892217553dfcf9a031280919ba1b8d651a068c9b15d863b7303cb15bd00a862b498e6cf4ad7b4a08fb134edd5a6f7641681cb54a2
  languageName: node
  linkType: hard

"wrappy@npm:1":
  version: 1.0.2
  resolution: "wrappy@npm:1.0.2"
  checksum: 159da4805f7e84a3d003d8841557196034155008f817172d4e986bd591f74aa82aa7db55929a54222309e01079a65a92a9e6414da5a6aa4b01ee44a511ac3ee5
  languageName: node
  linkType: hard

"ws@npm:^7.4.2":
  version: 7.5.5
  resolution: "ws@npm:7.5.5"
  peerDependencies:
    bufferutil: ^4.0.1
    utf-8-validate: ^5.0.2
  peerDependenciesMeta:
    bufferutil:
      optional: true
    utf-8-validate:
      optional: true
  checksum: bd2b437256012af526c69c03d6670a132e7ab0fe5853f3b7092826acea4203fad4ee2a8d0d9bd44834b2b968e747bf34f753ab535f4a3edf40d262da4b1d0805
  languageName: node
  linkType: hard
